
Microsoft Visual Studio Solution File, Format Version 12.00
# Visual Studio 15
VisualStudioVersion = 15.0.28307.1062
MinimumVisualStudioVersion = 10.0.40219.1
Project("{FAE04EC0-301F-11D3-BF4B-00C04F79EFBC}") = "gitConsoleApp", "gitConsoleApp\gitConsoleApp.csproj", "{BEC3FD70-5340-4A96-83DF-B85C4F729FE2}"
EndProject
Global
	GlobalSection(SolutionConfigurationPlatforms) = preSolution
		Debug|Any CPU = Debug|Any CPU
		Release|Any CPU = Release|Any CPU
	EndGlobalSection
	GlobalSection(ProjectConfigurationPlatforms) = postSolution
		{BEC3FD70-5340-4A96-83DF-B85C4F729FE2}.Debug|Any CPU.ActiveCfg = Debug|Any CPU
		{BEC3FD70-5340-4A96-83DF-B85C4F729FE2}.Debug|Any CPU.Build.0 = Debug|Any CPU
		{BEC3FD70-5340-4A96-83DF-B85C4F729FE2}.Release|Any CPU.ActiveCfg = Release|Any CPU
		{BEC3FD70-5340-4A96-83DF-B85C4F729FE2}.Release|Any CPU.Build.0 = Release|Any CPU
	EndGlobalSection
	GlobalSection(SolutionProperties) = preSolution
		HideSolutionNode = FALSE
	EndGlobalSection
	GlobalSection(ExtensibilityGlobals) = postSolution
		SolutionGuid = {6A32D238-0B91-4776-9F20-6FFEC13FB837}
	EndGlobalSection
EndGlobal
